
Microsoft Visual Studio Solution File, Format Version 12.00
# Visual Studio Version 16
VisualStudioVersion = 16.0.32901.82
MinimumVisualStudioVersion = 10.0.40219.1
Project("{888888A0-9F3D-457C-B088-3A5042F75D52}") = "BulkFileRename", "BulkFileRename\BulkFileRename.pyproj", "{530DC089-4CC0-4761-8EE7-639D63EC0B94}"
EndProject
Global
	GlobalSection(SolutionConfigurationPlatforms) = preSolution
		Debug|Any CPU = Debug|Any CPU
		Release|Any CPU = Release|Any CPU
	EndGlobalSection
	GlobalSection(ProjectConfigurationPlatforms) = postSolution
		{530DC089-4CC0-4761-8EE7-639D63EC0B94}.Debug|Any CPU.ActiveCfg = Debug|Any CPU
		{530DC089-4CC0-4761-8EE7-639D63EC0B94}.Release|Any CPU.ActiveCfg = Release|Any CPU
	EndGlobalSection
	GlobalSection(SolutionProperties) = preSolution
		HideSolutionNode = FALSE
	EndGlobalSection
	GlobalSection(ExtensibilityGlobals) = postSolution
		SolutionGuid = {0E63196A-2688-4A86-8535-F57DB119446A}
	EndGlobalSection
EndGlobal
